
Microsoft Visual Studio Solution File, Format Version 12.00
# Visual Studio Version 16
VisualStudioVersion = 16.0.33927.289
MinimumVisualStudioVersion = 10.0.40219.1
Project("{FAE04EC0-301F-11D3-BF4B-00C04F79EFBC}") = "Tyuiu.ZaripovEO.Sprint7.V8", "Tyuiu.ZaripovEO.Sprint7.V8\Tyuiu.ZaripovEO.Sprint7.V8.csproj", "{918953EE-DDCC-4E8B-903E-3CFE9E15D9CC}"
EndProject
Global
	GlobalSection(SolutionConfigurationPlatforms) = preSolution
		Debug|Any CPU = Debug|Any CPU
		Release|Any CPU = Release|Any CPU
	EndGlobalSection
	GlobalSection(ProjectConfigurationPlatforms) = postSolution
		{918953EE-DDCC-4E8B-903E-3CFE9E15D9CC}.Debug|Any CPU.ActiveCfg = Debug|Any CPU
		{918953EE-DDCC-4E8B-903E-3CFE9E15D9CC}.Debug|Any CPU.Build.0 = Debug|Any CPU
		{918953EE-DDCC-4E8B-903E-3CFE9E15D9CC}.Release|Any CPU.ActiveCfg = Release|Any CPU
		{918953EE-DDCC-4E8B-903E-3CFE9E15D9CC}.Release|Any CPU.Build.0 = Release|Any CPU
	EndGlobalSection
	GlobalSection(SolutionProperties) = preSolution
		HideSolutionNode = FALSE
	EndGlobalSection
	GlobalSection(ExtensibilityGlobals) = postSolution
		SolutionGuid = {9FC7CDE8-E0B5-4F0A-ACBD-C528CC5E6285}
	EndGlobalSection
EndGlobal
